
Microsoft Visual Studio Solution File, Format Version 12.00
# Visual Studio 15
VisualStudioVersion = 15.0.26730.16
MinimumVisualStudioVersion = 10.0.40219.1
Project("{FAE04EC0-301F-11D3-BF4B-00C04F79EFBC}") = "lambdaexpressions", "lambdaexpressions\lambdaexpressions.csproj", "{A311FC99-3304-4C9F-AE43-1D9EB20B5C73}"
EndProject
Global
	GlobalSection(SolutionConfigurationPlatforms) = preSolution
		Debug|Any CPU = Debug|Any CPU
		Release|Any CPU = Release|Any CPU
	EndGlobalSection
	GlobalSection(ProjectConfigurationPlatforms) = postSolution
		{A311FC99-3304-4C9F-AE43-1D9EB20B5C73}.Debug|Any CPU.ActiveCfg = Debug|Any CPU
		{A311FC99-3304-4C9F-AE43-1D9EB20B5C73}.Debug|Any CPU.Build.0 = Debug|Any CPU
		{A311FC99-3304-4C9F-AE43-1D9EB20B5C73}.Release|Any CPU.ActiveCfg = Release|Any CPU
		{A311FC99-3304-4C9F-AE43-1D9EB20B5C73}.Release|Any CPU.Build.0 = Release|Any CPU
	EndGlobalSection
	GlobalSection(SolutionProperties) = preSolution
		HideSolutionNode = FALSE
	EndGlobalSection
	GlobalSection(ExtensibilityGlobals) = postSolution
		SolutionGuid = {8D5F2F96-BF49-429D-950A-190C70DE76E6}
	EndGlobalSection
EndGlobal
